
Microsoft Visual Studio Solution File, Format Version 12.00
# Visual Studio 15
VisualStudioVersion = 15.0.28307.1684
MinimumVisualStudioVersion = 10.0.40219.1
Project("{F184B08F-C81C-45F6-A57F-5ABD9991F28F}") = "StuffNotes", "StuffNotes\StuffNotes.vbproj", "{EC3C71F4-DEC1-4354-A966-8199CD531A76}"
EndProject
Global
	GlobalSection(SolutionConfigurationPlatforms) = preSolution
		Debug|Any CPU = Debug|Any CPU
		Release|Any CPU = Release|Any CPU
	EndGlobalSection
	GlobalSection(ProjectConfigurationPlatforms) = postSolution
		{EC3C71F4-DEC1-4354-A966-8199CD531A76}.Debug|Any CPU.ActiveCfg = Debug|Any CPU
		{EC3C71F4-DEC1-4354-A966-8199CD531A76}.Debug|Any CPU.Build.0 = Debug|Any CPU
		{EC3C71F4-DEC1-4354-A966-8199CD531A76}.Release|Any CPU.ActiveCfg = Release|Any CPU
		{EC3C71F4-DEC1-4354-A966-8199CD531A76}.Release|Any CPU.Build.0 = Release|Any CPU
	EndGlobalSection
	GlobalSection(SolutionProperties) = preSolution
		HideSolutionNode = FALSE
	EndGlobalSection
	GlobalSection(ExtensibilityGlobals) = postSolution
		SolutionGuid = {329CA7FB-F543-437B-8E23-5C8DE208F436}
	EndGlobalSection
EndGlobal
